github.com/wen-qu/kit-xuesou-backend/class v0.0.0-20210413084451-d719e0a23705 h1:818cYjDYXZIOR3YslZEFUnWjDkyWtFXIzsYdNogZGa4=
github.com/wen-qu/kit-xuesou-backend/class v0.0.0-20210413084451-d719e0a23705/go.mod h1:UPY+uj0FC7ixhTpcY49FYPnjzP/sd6dWHal5CoK17DA=
github.com/wen-qu/kit-xuesou-backend/teacher v0.0.0-20210413084954-a3bafe210922 h1:yaHdwIoOcB4DDebYl999kMroP3rL0SQpz6xGwxA52dI=
github.com/wen-qu/kit-xuesou-backend/teacher v0.0.0-20210413084954-a3bafe210922/go.mod h1:4VfrpEgRG/ykcyp3v/Z3CWxpyAvfMmKDU2tUid5ejro=
